
Microsoft Visual Studio Solution File, Format Version 12.00
# Visual Studio Version 17
VisualStudioVersion = 17.4.33213.308
MinimumVisualStudioVersion = 10.0.40219.1
Project("{FAE04EC0-301F-11D3-BF4B-00C04F79EFBC}") = "Liet_ke_So_Nguyen_to", "Liet_ke_So_Nguyen_to.csproj", "{A8A414E3-C79E-4090-A104-9E2811771FC8}"
EndProject
Global
	GlobalSection(SolutionConfigurationPlatforms) = preSolution
		Debug|Any CPU = Debug|Any CPU
		Release|Any CPU = Release|Any CPU
	EndGlobalSection
	GlobalSection(ProjectConfigurationPlatforms) = postSolution
		{A8A414E3-C79E-4090-A104-9E2811771FC8}.Debug|Any CPU.ActiveCfg = Debug|Any CPU
		{A8A414E3-C79E-4090-A104-9E2811771FC8}.Debug|Any CPU.Build.0 = Debug|Any CPU
		{A8A414E3-C79E-4090-A104-9E2811771FC8}.Release|Any CPU.ActiveCfg = Release|Any CPU
		{A8A414E3-C79E-4090-A104-9E2811771FC8}.Release|Any CPU.Build.0 = Release|Any CPU
	EndGlobalSection
	GlobalSection(SolutionProperties) = preSolution
		HideSolutionNode = FALSE
	EndGlobalSection
	GlobalSection(ExtensibilityGlobals) = postSolution
		SolutionGuid = {7CCE7139-9980-4084-81D2-C3940F103DA4}
	EndGlobalSection
EndGlobal
